
Microsoft Visual Studio Solution File, Format Version 12.00
# Visual Studio Version 16
VisualStudioVersion = 16.0.29709.97
MinimumVisualStudioVersion = 10.0.40219.1
Project("{9A19103F-16F7-4668-BE54-9A1E7A4F7556}") = "Azure.Containers.ContainerRegistry", "Azure.Containers.ContainerRegistry\src\Azure.Containers.ContainerRegistry.csproj", "{DE11C74E-C947-476F-AE8C-58AF4EEDD388}"
EndProject
Project("{9A19103F-16F7-4668-BE54-9A1E7A4F7556}") = "ContainerRegistrySamples", "Azure.Containers.ContainerRegistry\samples\ContainerRegistrySamples.csproj", "{A8344DB9-D30F-4F3B-AFD0-21F8AC5F4FC5}"
EndProject
Project("{9A19103F-16F7-4668-BE54-9A1E7A4F7556}") = "Azure.Containers.ContainerRegistry.Authentication", "Azure.Containers.ContainerRegistry.Authentication\src\Azure.Containers.ContainerRegistry.Authentication.csproj", "{07C3C695-BBAF-427B-BB67-C0C4A6D28E0F}"
EndProject
Project("{9A19103F-16F7-4668-BE54-9A1E7A4F7556}") = "Azure.Containers.ContainerRegistry.ResumableStorage", "Azure.Containers.ContainerRegistry.ResumableStorage\src\Azure.Containers.ContainerRegistry.ResumableStorage.csproj", "{AF6AF2D8-5D01-4108-A42A-397E524A43C6}"
EndProject
Project("{9A19103F-16F7-4668-BE54-9A1E7A4F7556}") = "ContainerRegistryStorageSamples", "Azure.Containers.ContainerRegistry.ResumableStorage\samples\ContainerRegistryStorageSamples.csproj", "{184038F3-2CE2-456C-B653-6210115A1988}"
EndProject
Global
	GlobalSection(SolutionConfigurationPlatforms) = preSolution
		Debug|Any CPU = Debug|Any CPU
		Release|Any CPU = Release|Any CPU
	EndGlobalSection
	GlobalSection(ProjectConfigurationPlatforms) = postSolution
		{DE11C74E-C947-476F-AE8C-58AF4EEDD388}.Debug|Any CPU.ActiveCfg = Debug|Any CPU
		{DE11C74E-C947-476F-AE8C-58AF4EEDD388}.Debug|Any CPU.Build.0 = Debug|Any CPU
		{DE11C74E-C947-476F-AE8C-58AF4EEDD388}.Release|Any CPU.ActiveCfg = Release|Any CPU
		{DE11C74E-C947-476F-AE8C-58AF4EEDD388}.Release|Any CPU.Build.0 = Release|Any CPU
		{A8344DB9-D30F-4F3B-AFD0-21F8AC5F4FC5}.Debug|Any CPU.ActiveCfg = Debug|Any CPU
		{A8344DB9-D30F-4F3B-AFD0-21F8AC5F4FC5}.Debug|Any CPU.Build.0 = Debug|Any CPU
		{A8344DB9-D30F-4F3B-AFD0-21F8AC5F4FC5}.Release|Any CPU.ActiveCfg = Release|Any CPU
		{A8344DB9-D30F-4F3B-AFD0-21F8AC5F4FC5}.Release|Any CPU.Build.0 = Release|Any CPU
		{07C3C695-BBAF-427B-BB67-C0C4A6D28E0F}.Debug|Any CPU.ActiveCfg = Debug|Any CPU
		{07C3C695-BBAF-427B-BB67-C0C4A6D28E0F}.Debug|Any CPU.Build.0 = Debug|Any CPU
		{07C3C695-BBAF-427B-BB67-C0C4A6D28E0F}.Release|Any CPU.ActiveCfg = Release|Any CPU
		{07C3C695-BBAF-427B-BB67-C0C4A6D28E0F}.Release|Any CPU.Build.0 = Release|Any CPU
		{AF6AF2D8-5D01-4108-A42A-397E524A43C6}.Debug|Any CPU.ActiveCfg = Debug|Any CPU
		{AF6AF2D8-5D01-4108-A42A-397E524A43C6}.Debug|Any CPU.Build.0 = Debug|Any CPU
		{AF6AF2D8-5D01-4108-A42A-397E524A43C6}.Release|Any CPU.ActiveCfg = Release|Any CPU
		{AF6AF2D8-5D01-4108-A42A-397E524A43C6}.Release|Any CPU.Build.0 = Release|Any CPU
		{184038F3-2CE2-456C-B653-6210115A1988}.Debug|Any CPU.ActiveCfg = Debug|Any CPU
		{184038F3-2CE2-456C-B653-6210115A1988}.Debug|Any CPU.Build.0 = Debug|Any CPU
		{184038F3-2CE2-456C-B653-6210115A1988}.Release|Any CPU.ActiveCfg = Release|Any CPU
		{184038F3-2CE2-456C-B653-6210115A1988}.Release|Any CPU.Build.0 = Release|Any CPU
	EndGlobalSection
	GlobalSection(SolutionProperties) = preSolution
		HideSolutionNode = FALSE
	EndGlobalSection
	GlobalSection(ExtensibilityGlobals) = postSolution
		SolutionGuid = {A97F4B90-2591-4689-B1F8-5F21FE6D6CAE}
	EndGlobalSection
EndGlobal
